
Microsoft Visual Studio Solution File, Format Version 12.00
# Visual Studio Version 16
VisualStudioVersion = 16.0.35026.282
MinimumVisualStudioVersion = 10.0.40219.1
Project("{FAE04EC0-301F-11D3-BF4B-00C04F79EFBC}") = "phenixweb", "phenixweb\phenixweb.csproj", "{C9C19788-14C6-4C3A-A809-56E97D64CEF4}"
EndProject
Global
	GlobalSection(SolutionConfigurationPlatforms) = preSolution
		Debug|Any CPU = Debug|Any CPU
		Release|Any CPU = Release|Any CPU
	EndGlobalSection
	GlobalSection(ProjectConfigurationPlatforms) = postSolution
		{C9C19788-14C6-4C3A-A809-56E97D64CEF4}.Debug|Any CPU.ActiveCfg = Debug|Any CPU
		{C9C19788-14C6-4C3A-A809-56E97D64CEF4}.Debug|Any CPU.Build.0 = Debug|Any CPU
		{C9C19788-14C6-4C3A-A809-56E97D64CEF4}.Release|Any CPU.ActiveCfg = Release|Any CPU
		{C9C19788-14C6-4C3A-A809-56E97D64CEF4}.Release|Any CPU.Build.0 = Release|Any CPU
	EndGlobalSection
	GlobalSection(SolutionProperties) = preSolution
		HideSolutionNode = FALSE
	EndGlobalSection
	GlobalSection(ExtensibilityGlobals) = postSolution
		SolutionGuid = {00AB2AE0-FE10-4EAA-A241-DD66FC711B92}
	EndGlobalSection
EndGlobal
